
Microsoft Visual Studio Solution File, Format Version 11.00
# Visual Studio 2010
Project("{FAE04EC0-301F-11D3-BF4B-00C04F79EFBC}") = "Assembly-CSharp", "Assembly-CSharp.csproj", "{27224C55-1CF2-FC13-33AF-700C7A90B8C3}"
EndProject
Project("{FAE04EC0-301F-11D3-BF4B-00C04F79EFBC}") = "Assembly-CSharp-Editor", "Assembly-CSharp-Editor.csproj", "{3E368DC2-793D-834E-EB21-9D39BC8A8535}"
EndProject
Global
	GlobalSection(SolutionConfigurationPlatforms) = preSolution
		Debug|Any CPU = Debug|Any CPU
		Release|Any CPU = Release|Any CPU
	EndGlobalSection
	GlobalSection(ProjectConfigurationPlatforms) = postSolution
		{27224C55-1CF2-FC13-33AF-700C7A90B8C3}.Debug|Any CPU.ActiveCfg = Debug|Any CPU
		{27224C55-1CF2-FC13-33AF-700C7A90B8C3}.Debug|Any CPU.Build.0 = Debug|Any CPU
		{27224C55-1CF2-FC13-33AF-700C7A90B8C3}.Release|Any CPU.ActiveCfg = Release|Any CPU
		{27224C55-1CF2-FC13-33AF-700C7A90B8C3}.Release|Any CPU.Build.0 = Release|Any CPU
		{3E368DC2-793D-834E-EB21-9D39BC8A8535}.Debug|Any CPU.ActiveCfg = Debug|Any CPU
		{3E368DC2-793D-834E-EB21-9D39BC8A8535}.Debug|Any CPU.Build.0 = Debug|Any CPU
		{3E368DC2-793D-834E-EB21-9D39BC8A8535}.Release|Any CPU.ActiveCfg = Release|Any CPU
		{3E368DC2-793D-834E-EB21-9D39BC8A8535}.Release|Any CPU.Build.0 = Release|Any CPU
	EndGlobalSection
	GlobalSection(SolutionProperties) = preSolution
		HideSolutionNode = FALSE
	EndGlobalSection
EndGlobal
