
Microsoft Visual Studio Solution File, Format Version 11.00
# Visual Studio 2010
Project("{FAE04EC0-301F-11D3-BF4B-00C04F79EFBC}") = "Assembly-CSharp", "Assembly-CSharp.csproj", "{27224C55-1CF2-FC13-33AF-700C7A90B8C3}"
EndProject
Project("{FAE04EC0-301F-11D3-BF4B-00C04F79EFBC}") = "Coffee.SoftMaskForUGUI", "Coffee.SoftMaskForUGUI.csproj", "{266FB717-09A9-A1FE-D195-0BAC97E8366F}"
EndProject
Project("{FAE04EC0-301F-11D3-BF4B-00C04F79EFBC}") = "Coffee.UIParticle", "Coffee.UIParticle.csproj", "{1DCD34E6-AF99-050D-12D5-26124BAF67F3}"
EndProject
Project("{FAE04EC0-301F-11D3-BF4B-00C04F79EFBC}") = "Coffee.SoftMaskForUGUI.Editor", "Coffee.SoftMaskForUGUI.Editor.csproj", "{F004920C-494B-F23C-34A0-CE088873A1D0}"
EndProject
Project("{FAE04EC0-301F-11D3-BF4B-00C04F79EFBC}") = "Assembly-CSharp-Editor", "Assembly-CSharp-Editor.csproj", "{3E368DC2-793D-834E-EB21-9D39BC8A8535}"
EndProject
Project("{FAE04EC0-301F-11D3-BF4B-00C04F79EFBC}") = "Coffee.UIParticle.Editor", "Coffee.UIParticle.Editor.csproj", "{61A6F0D2-E8E6-3DE2-48CD-75141B694999}"
EndProject
Global
	GlobalSection(SolutionConfigurationPlatforms) = preSolution
		Debug|Any CPU = Debug|Any CPU
		Release|Any CPU = Release|Any CPU
	EndGlobalSection
	GlobalSection(ProjectConfigurationPlatforms) = postSolution
		{27224C55-1CF2-FC13-33AF-700C7A90B8C3}.Debug|Any CPU.ActiveCfg = Debug|Any CPU
		{27224C55-1CF2-FC13-33AF-700C7A90B8C3}.Debug|Any CPU.Build.0 = Debug|Any CPU
		{27224C55-1CF2-FC13-33AF-700C7A90B8C3}.Release|Any CPU.ActiveCfg = Release|Any CPU
		{27224C55-1CF2-FC13-33AF-700C7A90B8C3}.Release|Any CPU.Build.0 = Release|Any CPU
		{266FB717-09A9-A1FE-D195-0BAC97E8366F}.Debug|Any CPU.ActiveCfg = Debug|Any CPU
		{266FB717-09A9-A1FE-D195-0BAC97E8366F}.Debug|Any CPU.Build.0 = Debug|Any CPU
		{266FB717-09A9-A1FE-D195-0BAC97E8366F}.Release|Any CPU.ActiveCfg = Release|Any CPU
		{266FB717-09A9-A1FE-D195-0BAC97E8366F}.Release|Any CPU.Build.0 = Release|Any CPU
		{1DCD34E6-AF99-050D-12D5-26124BAF67F3}.Debug|Any CPU.ActiveCfg = Debug|Any CPU
		{1DCD34E6-AF99-050D-12D5-26124BAF67F3}.Debug|Any CPU.Build.0 = Debug|Any CPU
		{1DCD34E6-AF99-050D-12D5-26124BAF67F3}.Release|Any CPU.ActiveCfg = Release|Any CPU
		{1DCD34E6-AF99-050D-12D5-26124BAF67F3}.Release|Any CPU.Build.0 = Release|Any CPU
		{F004920C-494B-F23C-34A0-CE088873A1D0}.Debug|Any CPU.ActiveCfg = Debug|Any CPU
		{F004920C-494B-F23C-34A0-CE088873A1D0}.Debug|Any CPU.Build.0 = Debug|Any CPU
		{F004920C-494B-F23C-34A0-CE088873A1D0}.Release|Any CPU.ActiveCfg = Release|Any CPU
		{F004920C-494B-F23C-34A0-CE088873A1D0}.Release|Any CPU.Build.0 = Release|Any CPU
		{3E368DC2-793D-834E-EB21-9D39BC8A8535}.Debug|Any CPU.ActiveCfg = Debug|Any CPU
		{3E368DC2-793D-834E-EB21-9D39BC8A8535}.Debug|Any CPU.Build.0 = Debug|Any CPU
		{3E368DC2-793D-834E-EB21-9D39BC8A8535}.Release|Any CPU.ActiveCfg = Release|Any CPU
		{3E368DC2-793D-834E-EB21-9D39BC8A8535}.Release|Any CPU.Build.0 = Release|Any CPU
		{61A6F0D2-E8E6-3DE2-48CD-75141B694999}.Debug|Any CPU.ActiveCfg = Debug|Any CPU
		{61A6F0D2-E8E6-3DE2-48CD-75141B694999}.Debug|Any CPU.Build.0 = Debug|Any CPU
		{61A6F0D2-E8E6-3DE2-48CD-75141B694999}.Release|Any CPU.ActiveCfg = Release|Any CPU
		{61A6F0D2-E8E6-3DE2-48CD-75141B694999}.Release|Any CPU.Build.0 = Release|Any CPU
	EndGlobalSection
	GlobalSection(SolutionProperties) = preSolution
		HideSolutionNode = FALSE
	EndGlobalSection
EndGlobal
